github.com/bazeeko/onelab_homework1_lib v1.0.0 h1:2ilHD//5Yp3GPUp+/rKuPMmZsNwIq849ChzI5R0qot8=
github.com/bazeeko/onelab_homework1_lib v1.0.0/go.mod h1:iu6q+SWkMmGdbXgpGe/DBHCx1+J6I0y3sFX35rn7oxI=
github.com/bazeeko/onelab_homework1_lib v1.0.1 h1:mTm3iixn2ZBHeJAWHfbNjWBkarthh9jaXIJFmn/Et8Y=
github.com/bazeeko/onelab_homework1_lib v1.0.1/go.mod h1:iu6q+SWkMmGdbXgpGe/DBHCx1+J6I0y3sFX35rn7oxI=
